// !$*UTF8*$!
{
	archiveVersion = 1;
	classes = {
	};
	objectVersion = 56;
	objects = {

/* Begin PBXBuildFile section */
		AC5DBCE92B978ADB00C42C7B /* AppDelegate.swift in Sources */ = {isa = PBXBuildFile; fileRef = AC5DBCE82B978ADB00C42C7B /* AppDelegate.swift */; };
		AC5DBCEB2B978ADB00C42C7B /* SceneDelegate.swift in Sources */ = {isa = PBXBuildFile; fileRef = AC5DBCEA2B978ADB00C42C7B /* SceneDelegate.swift */; };
		AC5DBCED2B978ADB00C42C7B /* ViewController.swift in Sources */ = {isa = PBXBuildFile; fileRef = AC5DBCEC2B978ADB00C42C7B /* ViewController.swift */; };
		AC5DBCF22B978ADC00C42C7B /* Assets.xcassets in Resources */ = {isa = PBXBuildFile; fileRef = AC5DBCF12B978ADC00C42C7B /* Assets.xcassets */; };
		AC5DBCF52B978ADC00C42C7B /* LaunchScreen.storyboard in Resources */ = {isa = PBXBuildFile; fileRef = AC5DBCF32B978ADC00C42C7B /* LaunchScreen.storyboard */; };
		AC5DBCFD2B978DBC00C42C7B /* TabBarController.swift in Sources */ = {isa = PBXBuildFile; fileRef = AC5DBCFC2B978DBC00C42C7B /* TabBarController.swift */; };
		AC5DBD012B9790E700C42C7B /* HeroesViewController.swift in Sources */ = {isa = PBXBuildFile; fileRef = AC5DBD002B9790E700C42C7B /* HeroesViewController.swift */; };
		AC5DBD032B9790FF00C42C7B /* ItemsViewController.swift in Sources */ = {isa = PBXBuildFile; fileRef = AC5DBD022B9790FF00C42C7B /* ItemsViewController.swift */; };
		ACBE2AA92B979A5900C6C346 /* InfoHeroesViewController.swift in Sources */ = {isa = PBXBuildFile; fileRef = ACBE2AA82B979A5900C6C346 /* InfoHeroesViewController.swift */; };
/* End PBXBuildFile section */

/* Begin PBXFileReference section */
		AC5DBCE52B978ADB00C42C7B /* OpenDotaApp.app */ = {isa = PBXFileReference; explicitFileType = wrapper.application; includeInIndex = 0; path = OpenDotaApp.app; sourceTree = BUILT_PRODUCTS_DIR; };
		AC5DBCE82B978ADB00C42C7B /* AppDelegate.swift */ = {isa = PBXFileReference; lastKnownFileType = sourcecode.swift; path = AppDelegate.swift; sourceTree = "<group>"; };
		AC5DBCEA2B978ADB00C42C7B /* SceneDelegate.swift */ = {isa = PBXFileReference; lastKnownFileType = sourcecode.swift; path = SceneDelegate.swift; sourceTree = "<group>"; };
		AC5DBCEC2B978ADB00C42C7B /* ViewController.swift */ = {isa = PBXFileReference; lastKnownFileType = sourcecode.swift; path = ViewController.swift; sourceTree = "<group>"; };
		AC5DBCF12B978ADC00C42C7B /* Assets.xcassets */ = {isa = PBXFileReference; lastKnownFileType = folder.assetcatalog; path = Assets.xcassets; sourceTree = "<group>"; };
		AC5DBCF42B978ADC00C42C7B /* Base */ = {isa = PBXFileReference; lastKnownFileType = file.storyboard; name = Base; path = Base.lproj/LaunchScreen.storyboard; sourceTree = "<group>"; };
		AC5DBCF62B978ADC00C42C7B /* Info.plist */ = {isa = PBXFileReference; lastKnownFileType = text.plist.xml; path = Info.plist; sourceTree = "<group>"; };
		AC5DBCFC2B978DBC00C42C7B /* TabBarController.swift */ = {isa = PBXFileReference; lastKnownFileType = sourcecode.swift; path = TabBarController.swift; sourceTree = "<group>"; };
		AC5DBD002B9790E700C42C7B /* HeroesViewController.swift */ = {isa = PBXFileReference; lastKnownFileType = sourcecode.swift; path = HeroesViewController.swift; sourceTree = "<group>"; };
		AC5DBD022B9790FF00C42C7B /* ItemsViewController.swift */ = {isa = PBXFileReference; lastKnownFileType = sourcecode.swift; path = ItemsViewController.swift; sourceTree = "<group>"; };
		ACBE2AA82B979A5900C6C346 /* InfoHeroesViewController.swift */ = {isa = PBXFileReference; lastKnownFileType = sourcecode.swift; path = InfoHeroesViewController.swift; sourceTree = "<group>"; };
/* End PBXFileReference section */

/* Begin PBXFrameworksBuildPhase section */
		AC5DBCE22B978ADB00C42C7B /* Frameworks */ = {
			isa = PBXFrameworksBuildPhase;
			buildActionMask = 2147483647;
			files = (
			);
			runOnlyForDeploymentPostprocessing = 0;
		};
/* End PBXFrameworksBuildPhase section */

/* Begin PBXGroup section */
		AC5DBCDC2B978ADB00C42C7B = {
			isa = PBXGroup;
			children = (
				AC5DBCE72B978ADB00C42C7B /* OpenDotaApp */,
				AC5DBCE62B978ADB00C42C7B /* Products */,
			);
			sourceTree = "<group>";
		};
		AC5DBCE62B978ADB00C42C7B /* Products */ = {
			isa = PBXGroup;
			children = (
				AC5DBCE52B978ADB00C42C7B /* OpenDotaApp.app */,
			);
			name = Products;
			sourceTree = "<group>";
		};
		AC5DBCE72B978ADB00C42C7B /* OpenDotaApp */ = {
			isa = PBXGroup;
			children = (
				AC5DBD042B97994600C42C7B /* Helpers */,
				AC5DBCFC2B978DBC00C42C7B /* TabBarController.swift */,
				ACBE2AA62B97999500C6C346 /* ItemsViewFiles */,
				ACBE2AA72B9799B800C6C346 /* HeroesViewFiles */,
				AC5DBCE82B978ADB00C42C7B /* AppDelegate.swift */,
				AC5DBCEA2B978ADB00C42C7B /* SceneDelegate.swift */,
				AC5DBCEC2B978ADB00C42C7B /* ViewController.swift */,
				AC5DBCF12B978ADC00C42C7B /* Assets.xcassets */,
				AC5DBCF32B978ADC00C42C7B /* LaunchScreen.storyboard */,
				AC5DBCF62B978ADC00C42C7B /* Info.plist */,
			);
			path = OpenDotaApp;
			sourceTree = "<group>";
		};
		AC5DBD042B97994600C42C7B /* Helpers */ = {
			isa = PBXGroup;
			children = (
			);
			path = Helpers;
			sourceTree = "<group>";
		};
		ACBE2AA62B97999500C6C346 /* ItemsViewFiles */ = {
			isa = PBXGroup;
			children = (
				AC5DBD022B9790FF00C42C7B /* ItemsViewController.swift */,
			);
			path = ItemsViewFiles;
			sourceTree = "<group>";
		};
		ACBE2AA72B9799B800C6C346 /* HeroesViewFiles */ = {
			isa = PBXGroup;
			children = (
				AC5DBD002B9790E700C42C7B /* HeroesViewController.swift */,
				ACBE2AA82B979A5900C6C346 /* InfoHeroesViewController.swift */,
			);
			path = HeroesViewFiles;
			sourceTree = "<group>";
		};
/* End PBXGroup section */

/* Begin PBXNativeTarget section */
		AC5DBCE42B978ADB00C42C7B /* OpenDotaApp */ = {
			isa = PBXNativeTarget;
			buildConfigurationList = AC5DBCF92B978ADC00C42C7B /* Build configuration list for PBXNativeTarget "OpenDotaApp" */;
			buildPhases = (
				AC5DBCE12B978ADB00C42C7B /* Sources */,
				AC5DBCE22B978ADB00C42C7B /* Frameworks */,
				AC5DBCE32B978ADB00C42C7B /* Resources */,
			);
			buildRules = (
			);
			dependencies = (
			);
			name = OpenDotaApp;
			productName = OpenDotaApp;
			productReference = AC5DBCE52B978ADB00C42C7B /* OpenDotaApp.app */;
			productType = "com.apple.product-type.application";
		};
/* End PBXNativeTarget section */

/* Begin PBXProject section */
		AC5DBCDD2B978ADB00C42C7B /* Project object */ = {
			isa = PBXProject;
			attributes = {
				BuildIndependentTargetsInParallel = 1;
				LastSwiftUpdateCheck = 1520;
				LastUpgradeCheck = 1520;
				TargetAttributes = {
					AC5DBCE42B978ADB00C42C7B = {
						CreatedOnToolsVersion = 15.2;
					};
				};
			};
			buildConfigurationList = AC5DBCE02B978ADB00C42C7B /* Build configuration list for PBXProject "OpenDotaApp" */;
			compatibilityVersion = "Xcode 14.0";
			developmentRegion = en;
			hasScannedForEncodings = 0;
			knownRegions = (
				en,
				Base,
			);
			mainGroup = AC5DBCDC2B978ADB00C42C7B;
			productRefGroup = AC5DBCE62B978ADB00C42C7B /* Products */;
			projectDirPath = "";
			projectRoot = "";
			targets = (
				AC5DBCE42B978ADB00C42C7B /* OpenDotaApp */,
			);
		};
/* End PBXProject section */

/* Begin PBXResourcesBuildPhase section */
		AC5DBCE32B978ADB00C42C7B /* Resources */ = {
			isa = PBXResourcesBuildPhase;
			buildActionMask = 2147483647;
			files = (
				AC5DBCF52B978ADC00C42C7B /* LaunchScreen.storyboard in Resources */,
				AC5DBCF22B978ADC00C42C7B /* Assets.xcassets in Resources */,
			);
			runOnlyForDeploymentPostprocessing = 0;
		};
/* End PBXResourcesBuildPhase section */

/* Begin PBXSourcesBuildPhase section */
		AC5DBCE12B978ADB00C42C7B /* Sources */ = {
			isa = PBXSourcesBuildPhase;
			buildActionMask = 2147483647;
			files = (
				ACBE2AA92B979A5900C6C346 /* InfoHeroesViewController.swift in Sources */,
				AC5DBCED2B978ADB00C42C7B /* ViewController.swift in Sources */,
				AC5DBD032B9790FF00C42C7B /* ItemsViewController.swift in Sources */,
				AC5DBCFD2B978DBC00C42C7B /* TabBarController.swift in Sources */,
				AC5DBCE92B978ADB00C42C7B /* AppDelegate.swift in Sources */,
				AC5DBCEB2B978ADB00C42C7B /* SceneDelegate.swift in Sources */,
				AC5DBD012B9790E700C42C7B /* HeroesViewController.swift in Sources */,
			);
			runOnlyForDeploymentPostprocessing = 0;
		};
/* End PBXSourcesBuildPhase section */

/* Begin PBXVariantGroup section */
		AC5DBCF32B978ADC00C42C7B /* LaunchScreen.storyboard */ = {
			isa = PBXVariantGroup;
			children = (
				AC5DBCF42B978ADC00C42C7B /* Base */,
			);
			name = LaunchScreen.storyboard;
			sourceTree = "<group>";
		};
/* End PBXVariantGroup section */

/* Begin XCBuildConfiguration section */
		AC5DBCF72B978ADC00C42C7B /* Debug */ = {
			isa = XCBuildConfiguration;
			buildSettings = {
				ALWAYS_SEARCH_USER_PATHS = NO;
				ASSETCATALOG_COMPILER_GENERATE_SWIFT_ASSET_SYMBOL_EXTENSIONS = YES;
				CLANG_ANALYZER_NONNULL = YES;
				CLANG_ANALYZER_NUMBER_OBJECT_CONVERSION = YES_AGGRESSIVE;
				CLANG_CXX_LANGUAGE_STANDARD = "gnu++20";
				CLANG_ENABLE_MODULES = YES;
				CLANG_ENABLE_OBJC_ARC = YES;
				CLANG_ENABLE_OBJC_WEAK = YES;
				CLANG_WARN_BLOCK_CAPTURE_AUTORELEASING = YES;
				CLANG_WARN_BOOL_CONVERSION = YES;
				CLANG_WARN_COMMA = YES;
				CLANG_WARN_CONSTANT_CONVERSION = YES;
				CLANG_WARN_DEPRECATED_OBJC_IMPLEMENTATIONS = YES;
				CLANG_WARN_DIRECT_OBJC_ISA_USAGE = YES_ERROR;
				CLANG_WARN_DOCUMENTATION_COMMENTS = YES;
				CLANG_WARN_EMPTY_BODY = YES;
				CLANG_WARN_ENUM_CONVERSION = YES;
				CLANG_WARN_INFINITE_RECURSION = YES;
				CLANG_WARN_INT_CONVERSION = YES;
				CLANG_WARN_NON_LITERAL_NULL_CONVERSION = YES;
				CLANG_WARN_OBJC_IMPLICIT_RETAIN_SELF = YES;
				CLANG_WARN_OBJC_LITERAL_CONVERSION = YES;
				CLANG_WARN_OBJC_ROOT_CLASS = YES_ERROR;
				CLANG_WARN_QUOTED_INCLUDE_IN_FRAMEWORK_HEADER = YES;
				CLANG_WARN_RANGE_LOOP_ANALYSIS = YES;
				CLANG_WARN_STRICT_PROTOTYPES = YES;
				CLANG_WARN_SUSPICIOUS_MOVE = YES;
				CLANG_WARN_UNGUARDED_AVAILABILITY = YES_AGGRESSIVE;
				CLANG_WARN_UNREACHABLE_CODE = YES;
				CLANG_WARN__DUPLICATE_METHOD_MATCH = YES;
				COPY_PHASE_STRIP = NO;
				DEBUG_INFORMATION_FORMAT = dwarf;
				ENABLE_STRICT_OBJC_MSGSEND = YES;
				ENABLE_TESTABILITY = YES;
				ENABLE_USER_SCRIPT_SANDBOXING = YES;
				GCC_C_LANGUAGE_STANDARD = gnu17;
				GCC_DYNAMIC_NO_PIC = NO;
				GCC_NO_COMMON_BLOCKS = YES;
				GCC_OPTIMIZATION_LEVEL = 0;
				GCC_PREPROCESSOR_DEFINITIONS = (
					"DEBUG=1",
					"$(inherited)",
				);
				GCC_WARN_64_TO_32_BIT_CONVERSION = YES;
				GCC_WARN_ABOUT_RETURN_TYPE = YES_ERROR;
				GCC_WARN_UNDECLARED_SELECTOR = YES;
				GCC_WARN_UNINITIALIZED_AUTOS = YES_AGGRESSIVE;
				GCC_WARN_UNUSED_FUNCTION = YES;
				GCC_WARN_UNUSED_VARIABLE = YES;
				IPHONEOS_DEPLOYMENT_TARGET = 17.2;
				LOCALIZATION_PREFERS_STRING_CATALOGS = YES;
				MTL_ENABLE_DEBUG_INFO = INCLUDE_SOURCE;
				MTL_FAST_MATH = YES;
				ONLY_ACTIVE_ARCH = YES;
				SDKROOT = iphoneos;
				SWIFT_ACTIVE_COMPILATION_CONDITIONS = "DEBUG $(inherited)";
				SWIFT_OPTIMIZATION_LEVEL = "-Onone";
			};
			name = Debug;
		};
		AC5DBCF82B978ADC00C42C7B /* Release */ = {
			isa = XCBuildConfiguration;
			buildSettings = {
				ALWAYS_SEARCH_USER_PATHS = NO;
				ASSETCATALOG_COMPILER_GENERATE_SWIFT_ASSET_SYMBOL_EXTENSIONS = YES;
				CLANG_ANALYZER_NONNULL = YES;
				CLANG_ANALYZER_NUMBER_OBJECT_CONVERSION = YES_AGGRESSIVE;
				CLANG_CXX_LANGUAGE_STANDARD = "gnu++20";
				CLANG_ENABLE_MODULES = YES;
				CLANG_ENABLE_OBJC_ARC = YES;
				CLANG_ENABLE_OBJC_WEAK = YES;
				CLANG_WARN_BLOCK_CAPTURE_AUTORELEASING = YES;
				CLANG_WARN_BOOL_CONVERSION = YES;
				CLANG_WARN_COMMA = YES;
				CLANG_WARN_CONSTANT_CONVERSION = YES;
				CLANG_WARN_DEPRECATED_OBJC_IMPLEMENTATIONS = YES;
				CLANG_WARN_DIRECT_OBJC_ISA_USAGE = YES_ERROR;
				CLANG_WARN_DOCUMENTATION_COMMENTS = YES;
				CLANG_WARN_EMPTY_BODY = YES;
				CLANG_WARN_ENUM_CONVERSION = YES;
				CLANG_WARN_INFINITE_RECURSION = YES;
				CLANG_WARN_INT_CONVERSION = YES;
				CLANG_WARN_NON_LITERAL_NULL_CONVERSION = YES;
				CLANG_WARN_OBJC_IMPLICIT_RETAIN_SELF = YES;
				CLANG_WARN_OBJC_LITERAL_CONVERSION = YES;
				CLANG_WARN_OBJC_ROOT_CLASS = YES_ERROR;
				CLANG_WARN_QUOTED_INCLUDE_IN_FRAMEWORK_HEADER = YES;
				CLANG_WARN_RANGE_LOOP_ANALYSIS = YES;
				CLANG_WARN_STRICT_PROTOTYPES = YES;
				CLANG_WARN_SUSPICIOUS_MOVE = YES;
				CLANG_WARN_UNGUARDED_AVAILABILITY = YES_AGGRESSIVE;
				CLANG_WARN_UNREACHABLE_CODE = YES;
				CLANG_WARN__DUPLICATE_METHOD_MATCH = YES;
				COPY_PHASE_STRIP = NO;
				DEBUG_INFORMATION_FORMAT = "dwarf-with-dsym";
				ENABLE_NS_ASSERTIONS = NO;
				ENABLE_STRICT_OBJC_MSGSEND = YES;
				ENABLE_USER_SCRIPT_SANDBOXING = YES;
				GCC_C_LANGUAGE_STANDARD = gnu17;
				GCC_NO_COMMON_BLOCKS = YES;
				GCC_WARN_64_TO_32_BIT_CONVERSION = YES;
				GCC_WARN_ABOUT_RETURN_TYPE = YES_ERROR;
				GCC_WARN_UNDECLARED_SELECTOR = YES;
				GCC_WARN_UNINITIALIZED_AUTOS = YES_AGGRESSIVE;
				GCC_WARN_UNUSED_FUNCTION = YES;
				GCC_WARN_UNUSED_VARIABLE = YES;
				IPHONEOS_DEPLOYMENT_TARGET = 17.2;
				LOCALIZATION_PREFERS_STRING_CATALOGS = YES;
				MTL_ENABLE_DEBUG_INFO = NO;
				MTL_FAST_MATH = YES;
				SDKROOT = iphoneos;
				SWIFT_COMPILATION_MODE = wholemodule;
				VALIDATE_PRODUCT = YES;
			};
			name = Release;
		};
		AC5DBCFA2B978ADC00C42C7B /* Debug */ = {
			isa = XCBuildConfiguration;
			buildSettings = {
				ASSETCATALOG_COMPILER_APPICON_NAME = AppIcon;
				ASSETCATALOG_COMPILER_GLOBAL_ACCENT_COLOR_NAME = AccentColor;
				CODE_SIGN_STYLE = Automatic;
				CURRENT_PROJECT_VERSION = 1;
				DEVELOPMENT_TEAM = D4R9788Y8X;
				GENERATE_INFOPLIST_FILE = YES;
				INFOPLIST_FILE = OpenDotaApp/Info.plist;
				INFOPLIST_KEY_UIApplicationSupportsIndirectInputEvents = YES;
				INFOPLIST_KEY_UILaunchStoryboardName = LaunchScreen;
				INFOPLIST_KEY_UISupportedInterfaceOrientations = UIInterfaceOrientationPortrait;
				INFOPLIST_KEY_UISupportedInterfaceOrientations_iPad = "UIInterfaceOrientationLandscapeLeft UIInterfaceOrientationLandscapeRight UIInterfaceOrientationPortrait UIInterfaceOrientationPortraitUpsideDown";
				IPHONEOS_DEPLOYMENT_TARGET = 15.0;
				LD_RUNPATH_SEARCH_PATHS = (
					"$(inherited)",
					"@executable_path/Frameworks",
				);
				MARKETING_VERSION = 1.0;
				PRODUCT_BUNDLE_IDENTIFIER = AM.OpenDotaApp;
				PRODUCT_NAME = "$(TARGET_NAME)";
				SUPPORTED_PLATFORMS = "iphoneos iphonesimulator";
				SUPPORTS_MACCATALYST = NO;
				SUPPORTS_MAC_DESIGNED_FOR_IPHONE_IPAD = NO;
				SUPPORTS_XR_DESIGNED_FOR_IPHONE_IPAD = NO;
				SWIFT_EMIT_LOC_STRINGS = YES;
				SWIFT_VERSION = 5.0;
				TARGETED_DEVICE_FAMILY = 1;
			};
			name = Debug;
		};
		AC5DBCFB2B978ADC00C42C7B /* Release */ = {
			isa = XCBuildConfiguration;
			buildSettings = {
				ASSETCATALOG_COMPILER_APPICON_NAME = AppIcon;
				ASSETCATALOG_COMPILER_GLOBAL_ACCENT_COLOR_NAME = AccentColor;
				CODE_SIGN_STYLE = Automatic;
				CURRENT_PROJECT_VERSION = 1;
				DEVELOPMENT_TEAM = D4R9788Y8X;
				GENERATE_INFOPLIST_FILE = YES;
				INFOPLIST_FILE = OpenDotaApp/Info.plist;
				INFOPLIST_KEY_UIApplicationSupportsIndirectInputEvents = YES;
				INFOPLIST_KEY_UILaunchStoryboardName = LaunchScreen;
				INFOPLIST_KEY_UISupportedInterfaceOrientations = UIInterfaceOrientationPortrait;
				INFOPLIST_KEY_UISupportedInterfaceOrientations_iPad = "UIInterfaceOrientationLandscapeLeft UIInterfaceOrientationLandscapeRight UIInterfaceOrientationPortrait UIInterfaceOrientationPortraitUpsideDown";
				IPHONEOS_DEPLOYMENT_TARGET = 15.0;
				LD_RUNPATH_SEARCH_PATHS = (
					"$(inherited)",
					"@executable_path/Frameworks",
				);
				MARKETING_VERSION = 1.0;
				PRODUCT_BUNDLE_IDENTIFIER = AM.OpenDotaApp;
				PRODUCT_NAME = "$(TARGET_NAME)";
				SUPPORTED_PLATFORMS = "iphoneos iphonesimulator";
				SUPPORTS_MACCATALYST = NO;
				SUPPORTS_MAC_DESIGNED_FOR_IPHONE_IPAD = NO;
				SUPPORTS_XR_DESIGNED_FOR_IPHONE_IPAD = NO;
				SWIFT_EMIT_LOC_STRINGS = YES;
				SWIFT_VERSION = 5.0;
				TARGETED_DEVICE_FAMILY = 1;
			};
			name = Release;
		};
/* End XCBuildConfiguration section */

/* Begin XCConfigurationList section */
		AC5DBCE02B978ADB00C42C7B /* Build configuration list for PBXProject "OpenDotaApp" */ = {
			isa = XCConfigurationList;
			buildConfigurations = (
				AC5DBCF72B978ADC00C42C7B /* Debug */,
				AC5DBCF82B978ADC00C42C7B /* Release */,
			);
			defaultConfigurationIsVisible = 0;
			defaultConfigurationName = Release;
		};
		AC5DBCF92B978ADC00C42C7B /* Build configuration list for PBXNativeTarget "OpenDotaApp" */ = {
			isa = XCConfigurationList;
			buildConfigurations = (
				AC5DBCFA2B978ADC00C42C7B /* Debug */,
				AC5DBCFB2B978ADC00C42C7B /* Release */,
			);
			defaultConfigurationIsVisible = 0;
			defaultConfigurationName = Release;
		};
/* End XCConfigurationList section */
	};
	rootObject = AC5DBCDD2B978ADB00C42C7B /* Project object */;
}
